
Microsoft Visual Studio Solution File, Format Version 12.00
# Visual Studio 2013
VisualStudioVersion = 12.0.30110.0
MinimumVisualStudioVersion = 10.0.40219.1
Project("{2150E333-8FDC-42A3-9474-1A3956D46DE8}") = "Core", "Core", "{4C003B50-83BB-4281-A916-E8F6429621A5}"
EndProject
Project("{2150E333-8FDC-42A3-9474-1A3956D46DE8}") = "Data", "Data", "{BF076609-0DAA-401E-B960-D339D8559A8A}"
EndProject
Project("{2150E333-8FDC-42A3-9474-1A3956D46DE8}") = "Service", "Service", "{17074AE6-21DF-48C9-9281-51343CD5BB18}"
EndProject
Project("{2150E333-8FDC-42A3-9474-1A3956D46DE8}") = "UI", "UI", "{E6C96598-4860-46E8-8588-68FE66FD12AD}"
EndProject
Project("{FAE04EC0-301F-11D3-BF4B-00C04F79EFBC}") = "IMaxwell.Core.Model", "Core\IMaxwell.Core.Model\IMaxwell.Core.Model.csproj", "{6D12E31D-83DB-4CD5-9D08-3030C35C746B}"
EndProject
Project("{FAE04EC0-301F-11D3-BF4B-00C04F79EFBC}") = "IMaxwell.Data.Entity", "Data\IMaxwell.Data.Entity\IMaxwell.Data.Entity.csproj", "{0A8559F2-4E7F-4908-A10E-2FAC59252C6F}"
EndProject
Project("{FAE04EC0-301F-11D3-BF4B-00C04F79EFBC}") = "IMaxwell.Data.Entity.Test", "Data\IMaxwell.Data.Entity.Test\IMaxwell.Data.Entity.Test.csproj", "{3B0BCAA7-87B7-4423-BAB5-45A44F263115}"
EndProject
Project("{FAE04EC0-301F-11D3-BF4B-00C04F79EFBC}") = "IMaxwell.Data.Entity.Integration", "Data\IMaxwell.Data.Entity.Integration\IMaxwell.Data.Entity.Integration.csproj", "{54891CFD-0055-47B9-BD96-742A9C4BDC64}"
EndProject
Project("{FAE04EC0-301F-11D3-BF4B-00C04F79EFBC}") = "IMaxwell.Data.Sql", "Data\IMaxwell.Data.Sql\IMaxwell.Data.Sql.csproj", "{BC9B2938-A6AB-412F-A50E-F7854FF7605D}"
EndProject
Project("{FAE04EC0-301F-11D3-BF4B-00C04F79EFBC}") = "IMaxwell.Data.Sql.Test", "Data\IMaxwell.Data.Sql.Test\IMaxwell.Data.Sql.Test.csproj", "{EDE44ADF-7B3D-48A3-8770-4B2AB1FE6B02}"
EndProject
Project("{FAE04EC0-301F-11D3-BF4B-00C04F79EFBC}") = "IMaxwell.Data.Sql.Integration", "Data\IMaxwell.Data.Sql.Integration\IMaxwell.Data.Sql.Integration.csproj", "{D7DC91AB-664B-4FB2-AF48-BC955160B09E}"
EndProject
Project("{FAE04EC0-301F-11D3-BF4B-00C04F79EFBC}") = "IMaxwell.Service.HumanResources.Test", "Service\IMaxwell.Service.HumanResources.Test\IMaxwell.Service.HumanResources.Test.csproj", "{091C5AD0-7470-4A92-BD72-DCF51B82409F}"
EndProject
Project("{FAE04EC0-301F-11D3-BF4B-00C04F79EFBC}") = "IMaxwell.Service.HumanResources.Integration", "Service\IMaxwell.Service.HumanResources.Integration\IMaxwell.Service.HumanResources.Integration.csproj", "{951471D5-71E6-478D-84E2-22F3A70A6886}"
EndProject
Project("{FAE04EC0-301F-11D3-BF4B-00C04F79EFBC}") = "IMaxwell.Service.Person.Test", "Service\IMaxwell.Service.Person.Test\IMaxwell.Service.Person.Test.csproj", "{E22FBE28-C636-4E0E-94F0-FC90361C3F2D}"
EndProject
Project("{FAE04EC0-301F-11D3-BF4B-00C04F79EFBC}") = "IMaxwell.Service.Person.Integration", "Service\IMaxwell.Service.Person.Integration\IMaxwell.Service.Person.Integration.csproj", "{F910B778-FD0E-48FA-ABAB-2507FACCC93B}"
EndProject
Project("{FAE04EC0-301F-11D3-BF4B-00C04F79EFBC}") = "IMaxwell.UI.ExtJs", "UI\IMaxwell.UI.ExtJs\IMaxwell.UI.ExtJs.csproj", "{AF5963F0-9CE6-42FD-9D4A-CF7F2AA534AB}"
EndProject
Project("{FAE04EC0-301F-11D3-BF4B-00C04F79EFBC}") = "IMaxwell.UI.Mvc", "UI\IMaxwell.UI.Mvc\IMaxwell.UI.Mvc.csproj", "{8B6F19CD-B4BB-42C9-ACED-0D3643A49145}"
EndProject
Project("{FAE04EC0-301F-11D3-BF4B-00C04F79EFBC}") = "IMaxwell.Service.HumanResources", "Service\IMaxwell.Service.HumanResources\IMaxwell.Service.HumanResources.csproj", "{8DF0ADE5-7C21-4473-93F3-9E9FD8BCC775}"
EndProject
Project("{FAE04EC0-301F-11D3-BF4B-00C04F79EFBC}") = "IMaxwell.Service.Person", "Service\IMaxwell.Service.Person\IMaxwell.Service.Person.csproj", "{2E28EDA5-6C3E-4081-AF04-DB90B0D52DE9}"
EndProject
Project("{FAE04EC0-301F-11D3-BF4B-00C04F79EFBC}") = "IMaxwell.Core.Provider", "Core\IMaxwell.Core.Provider\IMaxwell.Core.Provider.csproj", "{3ECAEBE8-46D3-45D4-9384-435D5CCC8D51}"
EndProject
Project("{FAE04EC0-301F-11D3-BF4B-00C04F79EFBC}") = "IMaxwell.Data.Core", "Data\IMaxwell.Data.Core\IMaxwell.Data.Core.csproj", "{14DE73A2-892E-4B1F-BABA-C499814F12D9}"
EndProject
Project("{FAE04EC0-301F-11D3-BF4B-00C04F79EFBC}") = "IMaxwell.Data.SqlServer", "Data\IMaxwell.Data.SqlServer\IMaxwell.Data.SqlServer.csproj", "{1B27A67F-654A-4F6F-BE85-F15D09CAAD11}"
EndProject
Project("{FAE04EC0-301F-11D3-BF4B-00C04F79EFBC}") = "IMaxwell.Data.SqlServer.Test", "Data\IMaxwell.Data.SqlServer.Test\IMaxwell.Data.SqlServer.Test.csproj", "{99A8746A-71DF-4444-A6DB-3260B9A2DFE4}"
EndProject
Global
	GlobalSection(SolutionConfigurationPlatforms) = preSolution
		Debug|Any CPU = Debug|Any CPU
		Release|Any CPU = Release|Any CPU
	EndGlobalSection
	GlobalSection(ProjectConfigurationPlatforms) = postSolution
		{6D12E31D-83DB-4CD5-9D08-3030C35C746B}.Debug|Any CPU.ActiveCfg = Debug|Any CPU
		{6D12E31D-83DB-4CD5-9D08-3030C35C746B}.Debug|Any CPU.Build.0 = Debug|Any CPU
		{6D12E31D-83DB-4CD5-9D08-3030C35C746B}.Release|Any CPU.ActiveCfg = Release|Any CPU
		{6D12E31D-83DB-4CD5-9D08-3030C35C746B}.Release|Any CPU.Build.0 = Release|Any CPU
		{0A8559F2-4E7F-4908-A10E-2FAC59252C6F}.Debug|Any CPU.ActiveCfg = Debug|Any CPU
		{0A8559F2-4E7F-4908-A10E-2FAC59252C6F}.Debug|Any CPU.Build.0 = Debug|Any CPU
		{0A8559F2-4E7F-4908-A10E-2FAC59252C6F}.Release|Any CPU.ActiveCfg = Release|Any CPU
		{0A8559F2-4E7F-4908-A10E-2FAC59252C6F}.Release|Any CPU.Build.0 = Release|Any CPU
		{3B0BCAA7-87B7-4423-BAB5-45A44F263115}.Debug|Any CPU.ActiveCfg = Debug|Any CPU
		{3B0BCAA7-87B7-4423-BAB5-45A44F263115}.Debug|Any CPU.Build.0 = Debug|Any CPU
		{3B0BCAA7-87B7-4423-BAB5-45A44F263115}.Release|Any CPU.ActiveCfg = Release|Any CPU
		{3B0BCAA7-87B7-4423-BAB5-45A44F263115}.Release|Any CPU.Build.0 = Release|Any CPU
		{54891CFD-0055-47B9-BD96-742A9C4BDC64}.Debug|Any CPU.ActiveCfg = Debug|Any CPU
		{54891CFD-0055-47B9-BD96-742A9C4BDC64}.Debug|Any CPU.Build.0 = Debug|Any CPU
		{54891CFD-0055-47B9-BD96-742A9C4BDC64}.Release|Any CPU.ActiveCfg = Release|Any CPU
		{54891CFD-0055-47B9-BD96-742A9C4BDC64}.Release|Any CPU.Build.0 = Release|Any CPU
		{BC9B2938-A6AB-412F-A50E-F7854FF7605D}.Debug|Any CPU.ActiveCfg = Debug|Any CPU
		{BC9B2938-A6AB-412F-A50E-F7854FF7605D}.Debug|Any CPU.Build.0 = Debug|Any CPU
		{BC9B2938-A6AB-412F-A50E-F7854FF7605D}.Release|Any CPU.ActiveCfg = Release|Any CPU
		{BC9B2938-A6AB-412F-A50E-F7854FF7605D}.Release|Any CPU.Build.0 = Release|Any CPU
		{EDE44ADF-7B3D-48A3-8770-4B2AB1FE6B02}.Debug|Any CPU.ActiveCfg = Debug|Any CPU
		{EDE44ADF-7B3D-48A3-8770-4B2AB1FE6B02}.Debug|Any CPU.Build.0 = Debug|Any CPU
		{EDE44ADF-7B3D-48A3-8770-4B2AB1FE6B02}.Release|Any CPU.ActiveCfg = Release|Any CPU
		{EDE44ADF-7B3D-48A3-8770-4B2AB1FE6B02}.Release|Any CPU.Build.0 = Release|Any CPU
		{D7DC91AB-664B-4FB2-AF48-BC955160B09E}.Debug|Any CPU.ActiveCfg = Debug|Any CPU
		{D7DC91AB-664B-4FB2-AF48-BC955160B09E}.Debug|Any CPU.Build.0 = Debug|Any CPU
		{D7DC91AB-664B-4FB2-AF48-BC955160B09E}.Release|Any CPU.ActiveCfg = Release|Any CPU
		{D7DC91AB-664B-4FB2-AF48-BC955160B09E}.Release|Any CPU.Build.0 = Release|Any CPU
		{091C5AD0-7470-4A92-BD72-DCF51B82409F}.Debug|Any CPU.ActiveCfg = Debug|Any CPU
		{091C5AD0-7470-4A92-BD72-DCF51B82409F}.Debug|Any CPU.Build.0 = Debug|Any CPU
		{091C5AD0-7470-4A92-BD72-DCF51B82409F}.Release|Any CPU.ActiveCfg = Release|Any CPU
		{091C5AD0-7470-4A92-BD72-DCF51B82409F}.Release|Any CPU.Build.0 = Release|Any CPU
		{951471D5-71E6-478D-84E2-22F3A70A6886}.Debug|Any CPU.ActiveCfg = Debug|Any CPU
		{951471D5-71E6-478D-84E2-22F3A70A6886}.Debug|Any CPU.Build.0 = Debug|Any CPU
		{951471D5-71E6-478D-84E2-22F3A70A6886}.Release|Any CPU.ActiveCfg = Release|Any CPU
		{951471D5-71E6-478D-84E2-22F3A70A6886}.Release|Any CPU.Build.0 = Release|Any CPU
		{E22FBE28-C636-4E0E-94F0-FC90361C3F2D}.Debug|Any CPU.ActiveCfg = Debug|Any CPU
		{E22FBE28-C636-4E0E-94F0-FC90361C3F2D}.Debug|Any CPU.Build.0 = Debug|Any CPU
		{E22FBE28-C636-4E0E-94F0-FC90361C3F2D}.Release|Any CPU.ActiveCfg = Release|Any CPU
		{E22FBE28-C636-4E0E-94F0-FC90361C3F2D}.Release|Any CPU.Build.0 = Release|Any CPU
		{F910B778-FD0E-48FA-ABAB-2507FACCC93B}.Debug|Any CPU.ActiveCfg = Debug|Any CPU
		{F910B778-FD0E-48FA-ABAB-2507FACCC93B}.Debug|Any CPU.Build.0 = Debug|Any CPU
		{F910B778-FD0E-48FA-ABAB-2507FACCC93B}.Release|Any CPU.ActiveCfg = Release|Any CPU
		{F910B778-FD0E-48FA-ABAB-2507FACCC93B}.Release|Any CPU.Build.0 = Release|Any CPU
		{AF5963F0-9CE6-42FD-9D4A-CF7F2AA534AB}.Debug|Any CPU.ActiveCfg = Debug|Any CPU
		{AF5963F0-9CE6-42FD-9D4A-CF7F2AA534AB}.Debug|Any CPU.Build.0 = Debug|Any CPU
		{AF5963F0-9CE6-42FD-9D4A-CF7F2AA534AB}.Release|Any CPU.ActiveCfg = Release|Any CPU
		{AF5963F0-9CE6-42FD-9D4A-CF7F2AA534AB}.Release|Any CPU.Build.0 = Release|Any CPU
		{8B6F19CD-B4BB-42C9-ACED-0D3643A49145}.Debug|Any CPU.ActiveCfg = Debug|Any CPU
		{8B6F19CD-B4BB-42C9-ACED-0D3643A49145}.Debug|Any CPU.Build.0 = Debug|Any CPU
		{8B6F19CD-B4BB-42C9-ACED-0D3643A49145}.Release|Any CPU.ActiveCfg = Release|Any CPU
		{8B6F19CD-B4BB-42C9-ACED-0D3643A49145}.Release|Any CPU.Build.0 = Release|Any CPU
		{8DF0ADE5-7C21-4473-93F3-9E9FD8BCC775}.Debug|Any CPU.ActiveCfg = Debug|Any CPU
		{8DF0ADE5-7C21-4473-93F3-9E9FD8BCC775}.Debug|Any CPU.Build.0 = Debug|Any CPU
		{8DF0ADE5-7C21-4473-93F3-9E9FD8BCC775}.Release|Any CPU.ActiveCfg = Release|Any CPU
		{8DF0ADE5-7C21-4473-93F3-9E9FD8BCC775}.Release|Any CPU.Build.0 = Release|Any CPU
		{2E28EDA5-6C3E-4081-AF04-DB90B0D52DE9}.Debug|Any CPU.ActiveCfg = Debug|Any CPU
		{2E28EDA5-6C3E-4081-AF04-DB90B0D52DE9}.Debug|Any CPU.Build.0 = Debug|Any CPU
		{2E28EDA5-6C3E-4081-AF04-DB90B0D52DE9}.Release|Any CPU.ActiveCfg = Release|Any CPU
		{2E28EDA5-6C3E-4081-AF04-DB90B0D52DE9}.Release|Any CPU.Build.0 = Release|Any CPU
		{3ECAEBE8-46D3-45D4-9384-435D5CCC8D51}.Debug|Any CPU.ActiveCfg = Debug|Any CPU
		{3ECAEBE8-46D3-45D4-9384-435D5CCC8D51}.Debug|Any CPU.Build.0 = Debug|Any CPU
		{3ECAEBE8-46D3-45D4-9384-435D5CCC8D51}.Release|Any CPU.ActiveCfg = Release|Any CPU
		{3ECAEBE8-46D3-45D4-9384-435D5CCC8D51}.Release|Any CPU.Build.0 = Release|Any CPU
		{14DE73A2-892E-4B1F-BABA-C499814F12D9}.Debug|Any CPU.ActiveCfg = Debug|Any CPU
		{14DE73A2-892E-4B1F-BABA-C499814F12D9}.Debug|Any CPU.Build.0 = Debug|Any CPU
		{14DE73A2-892E-4B1F-BABA-C499814F12D9}.Release|Any CPU.ActiveCfg = Release|Any CPU
		{14DE73A2-892E-4B1F-BABA-C499814F12D9}.Release|Any CPU.Build.0 = Release|Any CPU
		{1B27A67F-654A-4F6F-BE85-F15D09CAAD11}.Debug|Any CPU.ActiveCfg = Debug|Any CPU
		{1B27A67F-654A-4F6F-BE85-F15D09CAAD11}.Debug|Any CPU.Build.0 = Debug|Any CPU
		{1B27A67F-654A-4F6F-BE85-F15D09CAAD11}.Release|Any CPU.ActiveCfg = Release|Any CPU
		{1B27A67F-654A-4F6F-BE85-F15D09CAAD11}.Release|Any CPU.Build.0 = Release|Any CPU
		{99A8746A-71DF-4444-A6DB-3260B9A2DFE4}.Debug|Any CPU.ActiveCfg = Debug|Any CPU
		{99A8746A-71DF-4444-A6DB-3260B9A2DFE4}.Debug|Any CPU.Build.0 = Debug|Any CPU
		{99A8746A-71DF-4444-A6DB-3260B9A2DFE4}.Release|Any CPU.ActiveCfg = Release|Any CPU
		{99A8746A-71DF-4444-A6DB-3260B9A2DFE4}.Release|Any CPU.Build.0 = Release|Any CPU
	EndGlobalSection
	GlobalSection(SolutionProperties) = preSolution
		HideSolutionNode = FALSE
	EndGlobalSection
	GlobalSection(NestedProjects) = preSolution
		{6D12E31D-83DB-4CD5-9D08-3030C35C746B} = {4C003B50-83BB-4281-A916-E8F6429621A5}
		{3ECAEBE8-46D3-45D4-9384-435D5CCC8D51} = {4C003B50-83BB-4281-A916-E8F6429621A5}
		{0A8559F2-4E7F-4908-A10E-2FAC59252C6F} = {BF076609-0DAA-401E-B960-D339D8559A8A}
		{3B0BCAA7-87B7-4423-BAB5-45A44F263115} = {BF076609-0DAA-401E-B960-D339D8559A8A}
		{54891CFD-0055-47B9-BD96-742A9C4BDC64} = {BF076609-0DAA-401E-B960-D339D8559A8A}
		{BC9B2938-A6AB-412F-A50E-F7854FF7605D} = {BF076609-0DAA-401E-B960-D339D8559A8A}
		{EDE44ADF-7B3D-48A3-8770-4B2AB1FE6B02} = {BF076609-0DAA-401E-B960-D339D8559A8A}
		{D7DC91AB-664B-4FB2-AF48-BC955160B09E} = {BF076609-0DAA-401E-B960-D339D8559A8A}
		{14DE73A2-892E-4B1F-BABA-C499814F12D9} = {BF076609-0DAA-401E-B960-D339D8559A8A}
		{1B27A67F-654A-4F6F-BE85-F15D09CAAD11} = {BF076609-0DAA-401E-B960-D339D8559A8A}
		{99A8746A-71DF-4444-A6DB-3260B9A2DFE4} = {BF076609-0DAA-401E-B960-D339D8559A8A}
		{091C5AD0-7470-4A92-BD72-DCF51B82409F} = {17074AE6-21DF-48C9-9281-51343CD5BB18}
		{951471D5-71E6-478D-84E2-22F3A70A6886} = {17074AE6-21DF-48C9-9281-51343CD5BB18}
		{E22FBE28-C636-4E0E-94F0-FC90361C3F2D} = {17074AE6-21DF-48C9-9281-51343CD5BB18}
		{F910B778-FD0E-48FA-ABAB-2507FACCC93B} = {17074AE6-21DF-48C9-9281-51343CD5BB18}
		{8DF0ADE5-7C21-4473-93F3-9E9FD8BCC775} = {17074AE6-21DF-48C9-9281-51343CD5BB18}
		{2E28EDA5-6C3E-4081-AF04-DB90B0D52DE9} = {17074AE6-21DF-48C9-9281-51343CD5BB18}
		{AF5963F0-9CE6-42FD-9D4A-CF7F2AA534AB} = {E6C96598-4860-46E8-8588-68FE66FD12AD}
		{8B6F19CD-B4BB-42C9-ACED-0D3643A49145} = {E6C96598-4860-46E8-8588-68FE66FD12AD}
	EndGlobalSection
EndGlobal
